
Microsoft Visual Studio Solution File, Format Version 12.00
# Visual Studio Version 17
VisualStudioVersion = 17.13.35931.197 d17.13
MinimumVisualStudioVersion = 10.0.40219.1
Project("{FAE04EC0-301F-11D3-BF4B-00C04F79EFBC}") = "Employeemanagementpractice", "Employeemanagementpractice\Employeemanagementpractice.csproj", "{2DF1F076-34E1-4CBB-9AED-E94A4EC4A4EA}"
EndProject
Global
	GlobalSection(SolutionConfigurationPlatforms) = preSolution
		Debug|Any CPU = Debug|Any CPU
		Release|Any CPU = Release|Any CPU
	EndGlobalSection
	GlobalSection(ProjectConfigurationPlatforms) = postSolution
		{2DF1F076-34E1-4CBB-9AED-E94A4EC4A4EA}.Debug|Any CPU.ActiveCfg = Debug|Any CPU
		{2DF1F076-34E1-4CBB-9AED-E94A4EC4A4EA}.Debug|Any CPU.Build.0 = Debug|Any CPU
		{2DF1F076-34E1-4CBB-9AED-E94A4EC4A4EA}.Release|Any CPU.ActiveCfg = Release|Any CPU
		{2DF1F076-34E1-4CBB-9AED-E94A4EC4A4EA}.Release|Any CPU.Build.0 = Release|Any CPU
	EndGlobalSection
	GlobalSection(SolutionProperties) = preSolution
		HideSolutionNode = FALSE
	EndGlobalSection
	GlobalSection(ExtensibilityGlobals) = postSolution
		SolutionGuid = {B922E829-8138-4F74-984B-2EFE68813245}
	EndGlobalSection
EndGlobal
